hash: eac5bc76eb01875d9c45dc3079a66a52e6e0f52b43929ee045393f118f8eafce
updated: 2019-07-18T23:54:27.217008-04:00
imports:
- name: github.com/armon/go-metrics
  version: ec5e00d3c878b2a97bbe0884ef45ffd1b4f669f5
- name: github.com/dgrijalva/jwt-go
  version: 5e25c22bd5d6de03265bbe5462dcd162f85046f6
- name: github.com/go-log/log
  version: a514cf01a3eb56ec6aff9ae5663453d990e68ed3
  subpackages:
  - log
- name: github.com/golang/protobuf
  version: 6c65a5562fc06764971b7c5d05c76c75e84bdbf7
  subpackages:
  - jsonpb
  - proto
  - ptypes
  - ptypes/any
  - ptypes/duration
  - ptypes/struct
  - ptypes/timestamp
- name: github.com/google/btree
  version: 20236160a414454a9c64b6c8829381c6f4bddcaa
- name: github.com/google/uuid
  version: c2e93f3ae59f2904160ceaab466009f965df46d6
- name: github.com/hashicorp/consul
  version: 42dae36923ff08eb14658e78b22d56af78eb7b84
  subpackages:
  - api
  - api/watch
- name: github.com/hashicorp/errwrap
  version: 8a6fb523712970c966eefc6b39ed2c5e74880354
- name: github.com/hashicorp/go-cleanhttp
  version: d3fcbee8e1810ecee4bdbf415f42f84cfd0e3361
- name: github.com/hashicorp/go-immutable-radix
  version: 0146a9aba1948ded4ed290cfd3fded2c15313f63
- name: github.com/hashicorp/go-msgpack
  version: ad60660ecf9c5a1eae0ca32182ed72bab5807961
  subpackages:
  - codec
- name: github.com/hashicorp/go-multierror
  version: 886a7fbe3eb1c874d46f623bfa70af45f425b3d1
- name: github.com/hashicorp/go-rootcerts
  version: df8e78a645e18d56ed7bb9ae10ffb8174ab892e2
- name: github.com/hashicorp/go-sockaddr
  version: c7188e74f6acae5a989bdc959aa779f8b9f42faf
- name: github.com/hashicorp/golang-lru
  version: 59383c442f7d7b190497e9bb8fc17a48d06cd03f
  subpackages:
  - simplelru
- name: github.com/hashicorp/memberlist
  version: e1138a6a4d8a6eaec6c919aeae5efbe4d69b1ece
- name: github.com/hashicorp/serf
  version: 15cfd05de3dffb3664aa37b06e91f970b825e380
  subpackages:
  - coordinate
- name: github.com/jinzhu/gorm
  version: 836fb2c19d84dac7b0272958dfb9af7cf0d0ade4
- name: github.com/jinzhu/inflection
  version: f5c5f50e6090ae76a29240b61ae2a90dd810112e
- name: github.com/json-iterator/go
  version: 27518f6661eba504be5a7a9a9f6d9460d892ade3
- name: github.com/lib/pq
  version: 3427c32cb71afc948325f299f040e53c1dd78979
  subpackages:
  - oid
  - scram
- name: github.com/micro/cli
  version: c6d1b1f5d81baa9d46e2d6a15a92306c6c0faf4f
- name: github.com/micro/examples
  version: ad12f49514c73a45ac92d9bc3678d65611291f78
  subpackages:
  - kubernetes/go/micro
- name: github.com/micro/go-micro
  version: 8f2585724c345091c8ba9ce75b92f4ae49353261
  subpackages:
  - broker
  - broker/http
  - broker/memory
  - broker/nats
  - client
  - client/grpc
  - client/mucp
  - client/selector
  - client/selector/dns
  - client/selector/router
  - client/selector/static
  - codec
  - codec/bytes
  - codec/grpc
  - codec/json
  - codec/jsonrpc
  - codec/proto
  - codec/protorpc
  - config/cmd
  - errors
  - metadata
  - network/router
  - network/router/proto
  - network/router/table
  - registry
  - registry/cache
  - registry/consul
  - registry/gossip
  - registry/gossip/proto
  - registry/mdns
  - registry/memory
  - server
  - server/debug
  - server/debug/proto
  - server/grpc
  - server/mucp
  - service/grpc
  - transport
  - transport/grpc
  - transport/grpc/proto
  - transport/http
  - transport/memory
  - util/addr
  - util/grpc
  - util/log
  - util/net
  - util/tls
- name: github.com/micro/go-plugins
  version: 219e962e6784e72ed90a6e5b70d403c02a37ae36
  subpackages:
  - client/selector/static
  - registry/kubernetes
  - registry/kubernetes/client
  - registry/kubernetes/client/api
  - registry/kubernetes/client/watch
- name: github.com/micro/mdns
  version: 7f52ea8ad3f13b578aacc25ff230cc90c0c885cd
- name: github.com/miekg/dns
  version: b13675009d59c97f3721247d9efa8914e1866a5b
- name: github.com/mitchellh/go-homedir
  version: af06845cf3004701891bf4fdb884bfe4920b3727
- name: github.com/mitchellh/hashstructure
  version: a38c50148365edc8df43c1580c48fb2b3a1e9cd7
- name: github.com/mitchellh/mapstructure
  version: 3536a929edddb9a5b34bd6861dc4a9647cb459fe
- name: github.com/modern-go/concurrent
  version: bacd9c7ef1dd9b15be4a9909b8ac7a4e313eec94
- name: github.com/modern-go/reflect2
  version: 94122c33edd36123c84d5368cfb2b69df93a0ec8
- name: github.com/nats-io/nats.go
  version: 6eb6122d3827c87e99b9a095ef3667d5aedf3b37
  subpackages:
  - encoders/builtin
  - util
- name: github.com/nats-io/nkeys
  version: 0073b400419be3ffb022ef46b675805e92534a34
- name: github.com/nats-io/nuid
  version: 4b96681fa6d28dd0ab5fe79bac63b3a493d9ee94
- name: github.com/pkg/errors
  version: 27936f6d90f9c8e1145f11ed52ffffbfdb9e0af7
- name: github.com/satori/go.uuid
  version: b2ce2384e17bbe0c6d34077efa39dbab3e09123b
- name: github.com/sean-/seed
  version: e2103e2c35297fb7e17febb81e49b312087a2372
- name: golang.org/x/crypto
  version: 4def268fd1a49955bfb3dda92fe3db4f924f2285
  subpackages:
  - bcrypt
  - blowfish
  - ed25519
  - ed25519/internal/edwards25519
- name: golang.org/x/net
  version: da137c7871d730100384dbcf36e6f8fa493aef5b
  subpackages:
  - bpf
  - http/httpguts
  - http2
  - http2/h2c
  - http2/hpack
  - idna
  - internal/iana
  - internal/socket
  - internal/timeseries
  - ipv4
  - ipv6
  - trace
- name: golang.org/x/sys
  version: fae7ac547cb717d141c433a2a173315e216b64c4
  subpackages:
  - unix
  - windows
- name: golang.org/x/text
  version: 342b2e1fbaa52c93f31447ad2c6abc048c63e475
  subpackages:
  - secure/bidirule
  - transform
  - unicode/bidi
  - unicode/norm
- name: google.golang.org/genproto
  version: c506a9f9061087022822e8da603a52fc387115a8
  subpackages:
  - googleapis/rpc/status
- name: google.golang.org/grpc
  version: 207b5d8038e103ed9d5f6a1a3acb7e1b148338d5
  subpackages:
  - balancer
  - balancer/base
  - balancer/roundrobin
  - binarylog/grpc_binarylog_v1
  - codes
  - connectivity
  - credentials
  - credentials/internal
  - encoding
  - encoding/proto
  - grpclog
  - internal
  - internal/backoff
  - internal/balancerload
  - internal/binarylog
  - internal/channelz
  - internal/envconfig
  - internal/grpcrand
  - internal/grpcsync
  - internal/syscall
  - internal/transport
  - keepalive
  - metadata
  - naming
  - peer
  - resolver
  - resolver/dns
  - resolver/passthrough
  - serviceconfig
  - stats
  - status
  - tap
- name: gopkg.in/mgo.v2
  version: 9856a29383ce1c59f308dd1cf0363a79b5bef6b5
  subpackages:
  - bson
  - internal/json
  - internal/sasl
  - internal/scram
testImports: []
